// !$*UTF8*$!
{
	archiveVersion = 1;
	classes = {
	};
	objectVersion = 46;
	objects = {

/* Begin PBXBuildFile section */
		5FEFA75F1B22355600DC3DA0 /* AppDelegate.swift in Sources */ = {isa = PBXBuildFile; fileRef = 5FEFA75E1B22355600DC3DA0 /* AppDelegate.swift */; };
		5FEFA7611B22355600DC3DA0 /* ViewController.swift in Sources */ = {isa = PBXBuildFile; fileRef = 5FEFA7601B22355600DC3DA0 /* ViewController.swift */; };
		5FEFA7641B22355600DC3DA0 /* Main.storyboard in Resources */ = {isa = PBXBuildFile; fileRef = 5FEFA7621B22355600DC3DA0 /* Main.storyboard */; };
		5FEFA7661B22355600DC3DA0 /* Images.xcassets in Resources */ = {isa = PBXBuildFile; fileRef = 5FEFA7651B22355600DC3DA0 /* Images.xcassets */; };
		5FEFA7691B22355600DC3DA0 /* LaunchScreen.xib in Resources */ = {isa = PBXBuildFile; fileRef = 5FEFA7671B22355600DC3DA0 /* LaunchScreen.xib */; };
		5FEFA7751B22355700DC3DA0 /* KYElegantPhotoGallery_Swift_DemoTests.swift in Sources */ = {isa = PBXBuildFile; fileRef = 5FEFA7741B22355700DC3DA0 /* KYElegantPhotoGallery_Swift_DemoTests.swift */; };
		5FEFA77F1B2235AC00DC3DA0 /* KYTilePhotoLayout.swift in Sources */ = {isa = PBXBuildFile; fileRef = 5FEFA77E1B2235AC00DC3DA0 /* KYTilePhotoLayout.swift */; };
/* End PBXBuildFile section */

/* Begin PBXContainerItemProxy section */
		5FEFA76F1B22355700DC3DA0 /* PBXContainerItemProxy */ = {
			isa = PBXContainerItemProxy;
			containerPortal = 5FEFA7511B22355600DC3DA0 /* Project object */;
			proxyType = 1;
			remoteGlobalIDString = 5FEFA7581B22355600DC3DA0;
			remoteInfo = "KYElegantPhotoGallery-Swift-Demo";
		};
/* End PBXContainerItemProxy section */

/* Begin PBXFileReference section */
		5FEFA7591B22355600DC3DA0 /* KYElegantPhotoGallery-Swift-Demo.app */ = {isa = PBXFileReference; explicitFileType = wrapper.application; includeInIndex = 0; path = "KYElegantPhotoGallery-Swift-Demo.app"; sourceTree = BUILT_PRODUCTS_DIR; };
		5FEFA75D1B22355600DC3DA0 /* Info.plist */ = {isa = PBXFileReference; lastKnownFileType = text.plist.xml; path = Info.plist; sourceTree = "<group>"; };
		5FEFA75E1B22355600DC3DA0 /* AppDelegate.swift */ = {isa = PBXFileReference; lastKnownFileType = sourcecode.swift; path = AppDelegate.swift; sourceTree = "<group>"; };
		5FEFA7601B22355600DC3DA0 /* ViewController.swift */ = {isa = PBXFileReference; lastKnownFileType = sourcecode.swift; path = ViewController.swift; sourceTree = "<group>"; };
		5FEFA7631B22355600DC3DA0 /* Base */ = {isa = PBXFileReference; lastKnownFileType = file.storyboard; name = Base; path = Base.lproj/Main.storyboard; sourceTree = "<group>"; };
		5FEFA7651B22355600DC3DA0 /* Images.xcassets */ = {isa = PBXFileReference; lastKnownFileType = folder.assetcatalog; path = Images.xcassets; sourceTree = "<group>"; };
		5FEFA7681B22355600DC3DA0 /* Base */ = {isa = PBXFileReference; lastKnownFileType = file.xib; name = Base; path = Base.lproj/LaunchScreen.xib; sourceTree = "<group>"; };
		5FEFA76E1B22355700DC3DA0 /* KYElegantPhotoGallery-Swift-DemoTests.xctest */ = {isa = PBXFileReference; explicitFileType = wrapper.cfbundle; includeInIndex = 0; path = "KYElegantPhotoGallery-Swift-DemoTests.xctest"; sourceTree = BUILT_PRODUCTS_DIR; };
		5FEFA7731B22355700DC3DA0 /* Info.plist */ = {isa = PBXFileReference; lastKnownFileType = text.plist.xml; path = Info.plist; sourceTree = "<group>"; };
		5FEFA7741B22355700DC3DA0 /* KYElegantPhotoGallery_Swift_DemoTests.swift */ = {isa = PBXFileReference; lastKnownFileType = sourcecode.swift; path = KYElegantPhotoGallery_Swift_DemoTests.swift; sourceTree = "<group>"; };
		5FEFA77E1B2235AC00DC3DA0 /* KYTilePhotoLayout.swift */ = {isa = PBXFileReference; fileEncoding = 4; lastKnownFileType = sourcecode.swift; name = KYTilePhotoLayout.swift; path = Classes/KYTilePhotoLayout.swift; sourceTree = "<group>"; };
/* End PBXFileReference section */

/* Begin PBXFrameworksBuildPhase section */
		5FEFA7561B22355600DC3DA0 /* Frameworks */ = {
			isa = PBXFrameworksBuildPhase;
			buildActionMask = 2147483647;
			files = (
			);
			runOnlyForDeploymentPostprocessing = 0;
		};
		5FEFA76B1B22355700DC3DA0 /* Frameworks */ = {
			isa = PBXFrameworksBuildPhase;
			buildActionMask = 2147483647;
			files = (
			);
			runOnlyForDeploymentPostprocessing = 0;
		};
/* End PBXFrameworksBuildPhase section */

/* Begin PBXGroup section */
		5FEFA7501B22355600DC3DA0 = {
			isa = PBXGroup;
			children = (
				5FEFA75B1B22355600DC3DA0 /* KYElegantPhotoGallery-Swift-Demo */,
				5FEFA7711B22355700DC3DA0 /* KYElegantPhotoGallery-Swift-DemoTests */,
				5FEFA75A1B22355600DC3DA0 /* Products */,
			);
			sourceTree = "<group>";
		};
		5FEFA75A1B22355600DC3DA0 /* Products */ = {
			isa = PBXGroup;
			children = (
				5FEFA7591B22355600DC3DA0 /* KYElegantPhotoGallery-Swift-Demo.app */,
				5FEFA76E1B22355700DC3DA0 /* KYElegantPhotoGallery-Swift-DemoTests.xctest */,
			);
			name = Products;
			sourceTree = "<group>";
		};
		5FEFA75B1B22355600DC3DA0 /* KYElegantPhotoGallery-Swift-Demo */ = {
			isa = PBXGroup;
			children = (
				5FEFA7801B2235B200DC3DA0 /* Classes */,
				5FEFA75E1B22355600DC3DA0 /* AppDelegate.swift */,
				5FEFA7601B22355600DC3DA0 /* ViewController.swift */,
				5FEFA7621B22355600DC3DA0 /* Main.storyboard */,
				5FEFA7651B22355600DC3DA0 /* Images.xcassets */,
				5FEFA7671B22355600DC3DA0 /* LaunchScreen.xib */,
				5FEFA75C1B22355600DC3DA0 /* Supporting Files */,
			);
			path = "KYElegantPhotoGallery-Swift-Demo";
			sourceTree = "<group>";
		};
		5FEFA75C1B22355600DC3DA0 /* Supporting Files */ = {
			isa = PBXGroup;
			children = (
				5FEFA75D1B22355600DC3DA0 /* Info.plist */,
			);
			name = "Supporting Files";
			sourceTree = "<group>";
		};
		5FEFA7711B22355700DC3DA0 /* KYElegantPhotoGallery-Swift-DemoTests */ = {
			isa = PBXGroup;
			children = (
				5FEFA7741B22355700DC3DA0 /* KYElegantPhotoGallery_Swift_DemoTests.swift */,
				5FEFA7721B22355700DC3DA0 /* Supporting Files */,
			);
			path = "KYElegantPhotoGallery-Swift-DemoTests";
			sourceTree = "<group>";
		};
		5FEFA7721B22355700DC3DA0 /* Supporting Files */ = {
			isa = PBXGroup;
			children = (
				5FEFA7731B22355700DC3DA0 /* Info.plist */,
			);
			name = "Supporting Files";
			sourceTree = "<group>";
		};
		5FEFA7801B2235B200DC3DA0 /* Classes */ = {
			isa = PBXGroup;
			children = (
				5FEFA77E1B2235AC00DC3DA0 /* KYTilePhotoLayout.swift */,
			);
			name = Classes;
			sourceTree = "<group>";
		};
/* End PBXGroup section */

/* Begin PBXNativeTarget section */
		5FEFA7581B22355600DC3DA0 /* KYElegantPhotoGallery-Swift-Demo */ = {
			isa = PBXNativeTarget;
			buildConfigurationList = 5FEFA7781B22355700DC3DA0 /* Build configuration list for PBXNativeTarget "KYElegantPhotoGallery-Swift-Demo" */;
			buildPhases = (
				5FEFA7551B22355600DC3DA0 /* Sources */,
				5FEFA7561B22355600DC3DA0 /* Frameworks */,
				5FEFA7571B22355600DC3DA0 /* Resources */,
			);
			buildRules = (
			);
			dependencies = (
			);
			name = "KYElegantPhotoGallery-Swift-Demo";
			productName = "KYElegantPhotoGallery-Swift-Demo";
			productReference = 5FEFA7591B22355600DC3DA0 /* KYElegantPhotoGallery-Swift-Demo.app */;
			productType = "com.apple.product-type.application";
		};
		5FEFA76D1B22355700DC3DA0 /* KYElegantPhotoGallery-Swift-DemoTests */ = {
			isa = PBXNativeTarget;
			buildConfigurationList = 5FEFA77B1B22355700DC3DA0 /* Build configuration list for PBXNativeTarget "KYElegantPhotoGallery-Swift-DemoTests" */;
			buildPhases = (
				5FEFA76A1B22355700DC3DA0 /* Sources */,
				5FEFA76B1B22355700DC3DA0 /* Frameworks */,
				5FEFA76C1B22355700DC3DA0 /* Resources */,
			);
			buildRules = (
			);
			dependencies = (
				5FEFA7701B22355700DC3DA0 /* PBXTargetDependency */,
			);
			name = "KYElegantPhotoGallery-Swift-DemoTests";
			productName = "KYElegantPhotoGallery-Swift-DemoTests";
			productReference = 5FEFA76E1B22355700DC3DA0 /* KYElegantPhotoGallery-Swift-DemoTests.xctest */;
			productType = "com.apple.product-type.bundle.unit-test";
		};
/* End PBXNativeTarget section */

/* Begin PBXProject section */
		5FEFA7511B22355600DC3DA0 /* Project object */ = {
			isa = PBXProject;
			attributes = {
				LastUpgradeCheck = 0630;
				ORGANIZATIONNAME = "Kitten Yang";
				TargetAttributes = {
					5FEFA7581B22355600DC3DA0 = {
						CreatedOnToolsVersion = 6.3;
					};
					5FEFA76D1B22355700DC3DA0 = {
						CreatedOnToolsVersion = 6.3;
						TestTargetID = 5FEFA7581B22355600DC3DA0;
					};
				};
			};
			buildConfigurationList = 5FEFA7541B22355600DC3DA0 /* Build configuration list for PBXProject "KYElegantPhotoGallery-Swift-Demo" */;
			compatibilityVersion = "Xcode 3.2";
			developmentRegion = English;
			hasScannedForEncodings = 0;
			knownRegions = (
				en,
				Base,
			);
			mainGroup = 5FEFA7501B22355600DC3DA0;
			productRefGroup = 5FEFA75A1B22355600DC3DA0 /* Products */;
			projectDirPath = "";
			projectRoot = "";
			targets = (
				5FEFA7581B22355600DC3DA0 /* KYElegantPhotoGallery-Swift-Demo */,
				5FEFA76D1B22355700DC3DA0 /* KYElegantPhotoGallery-Swift-DemoTests */,
			);
		};
/* End PBXProject section */

/* Begin PBXResourcesBuildPhase section */
		5FEFA7571B22355600DC3DA0 /* Resources */ = {
			isa = PBXResourcesBuildPhase;
			buildActionMask = 2147483647;
			files = (
				5FEFA7641B22355600DC3DA0 /* Main.storyboard in Resources */,
				5FEFA7691B22355600DC3DA0 /* LaunchScreen.xib in Resources */,
				5FEFA7661B22355600DC3DA0 /* Images.xcassets in Resources */,
			);
			runOnlyForDeploymentPostprocessing = 0;
		};
		5FEFA76C1B22355700DC3DA0 /* Resources */ = {
			isa = PBXResourcesBuildPhase;
			buildActionMask = 2147483647;
			files = (
			);
			runOnlyForDeploymentPostprocessing = 0;
		};
/* End PBXResourcesBuildPhase section */

/* Begin PBXSourcesBuildPhase section */
		5FEFA7551B22355600DC3DA0 /* Sources */ = {
			isa = PBXSourcesBuildPhase;
			buildActionMask = 2147483647;
			files = (
				5FEFA77F1B2235AC00DC3DA0 /* KYTilePhotoLayout.swift in Sources */,
				5FEFA7611B22355600DC3DA0 /* ViewController.swift in Sources */,
				5FEFA75F1B22355600DC3DA0 /* AppDelegate.swift in Sources */,
			);
			runOnlyForDeploymentPostprocessing = 0;
		};
		5FEFA76A1B22355700DC3DA0 /* Sources */ = {
			isa = PBXSourcesBuildPhase;
			buildActionMask = 2147483647;
			files = (
				5FEFA7751B22355700DC3DA0 /* KYElegantPhotoGallery_Swift_DemoTests.swift in Sources */,
			);
			runOnlyForDeploymentPostprocessing = 0;
		};
/* End PBXSourcesBuildPhase section */

/* Begin PBXTargetDependency section */
		5FEFA7701B22355700DC3DA0 /* PBXTargetDependency */ = {
			isa = PBXTargetDependency;
			target = 5FEFA7581B22355600DC3DA0 /* KYElegantPhotoGallery-Swift-Demo */;
			targetProxy = 5FEFA76F1B22355700DC3DA0 /* PBXContainerItemProxy */;
		};
/* End PBXTargetDependency section */

/* Begin PBXVariantGroup section */
		5FEFA7621B22355600DC3DA0 /* Main.storyboard */ = {
			isa = PBXVariantGroup;
			children = (
				5FEFA7631B22355600DC3DA0 /* Base */,
			);
			name = Main.storyboard;
			sourceTree = "<group>";
		};
		5FEFA7671B22355600DC3DA0 /* LaunchScreen.xib */ = {
			isa = PBXVariantGroup;
			children = (
				5FEFA7681B22355600DC3DA0 /* Base */,
			);
			name = LaunchScreen.xib;
			sourceTree = "<group>";
		};
/* End PBXVariantGroup section */

/* Begin XCBuildConfiguration section */
		5FEFA7761B22355700DC3DA0 /* Debug */ = {
			isa = XCBuildConfiguration;
			buildSettings = {
				ALWAYS_SEARCH_USER_PATHS = NO;
				CLANG_CXX_LANGUAGE_STANDARD = "gnu++0x";
				CLANG_CXX_LIBRARY = "libc++";
				CLANG_ENABLE_MODULES = YES;
				CLANG_ENABLE_OBJC_ARC = YES;
				CLANG_WARN_BOOL_CONVERSION = YES;
				CLANG_WARN_CONSTANT_CONVERSION = YES;
				CLANG_WARN_DIRECT_OBJC_ISA_USAGE = YES_ERROR;
				CLANG_WARN_EMPTY_BODY = YES;
				CLANG_WARN_ENUM_CONVERSION = YES;
				CLANG_WARN_INT_CONVERSION = YES;
				CLANG_WARN_OBJC_ROOT_CLASS = YES_ERROR;
				CLANG_WARN_UNREACHABLE_CODE = YES;
				CLANG_WARN__DUPLICATE_METHOD_MATCH = YES;
				"CODE_SIGN_IDENTITY[sdk=iphoneos*]" = "iPhone Developer";
				COPY_PHASE_STRIP = NO;
				DEBUG_INFORMATION_FORMAT = "dwarf-with-dsym";
				ENABLE_STRICT_OBJC_MSGSEND = YES;
				GCC_C_LANGUAGE_STANDARD = gnu99;
				GCC_DYNAMIC_NO_PIC = NO;
				GCC_NO_COMMON_BLOCKS = YES;
				GCC_OPTIMIZATION_LEVEL = 0;
				GCC_PREPROCESSOR_DEFINITIONS = (
					"DEBUG=1",
					"$(inherited)",
				);
				GCC_SYMBOLS_PRIVATE_EXTERN = NO;
				GCC_WARN_64_TO_32_BIT_CONVERSION = YES;
				GCC_WARN_ABOUT_RETURN_TYPE = YES_ERROR;
				GCC_WARN_UNDECLARED_SELECTOR = YES;
				GCC_WARN_UNINITIALIZED_AUTOS = YES_AGGRESSIVE;
				GCC_WARN_UNUSED_FUNCTION = YES;
				GCC_WARN_UNUSED_VARIABLE = YES;
				IPHONEOS_DEPLOYMENT_TARGET = 8.3;
				MTL_ENABLE_DEBUG_INFO = YES;
				ONLY_ACTIVE_ARCH = YES;
				SDKROOT = iphoneos;
				SWIFT_OPTIMIZATION_LEVEL = "-Onone";
				TARGETED_DEVICE_FAMILY = "1,2";
			};
			name = Debug;
		};
		5FEFA7771B22355700DC3DA0 /* Release */ = {
			isa = XCBuildConfiguration;
			buildSettings = {
				ALWAYS_SEARCH_USER_PATHS = NO;
				CLANG_CXX_LANGUAGE_STANDARD = "gnu++0x";
				CLANG_CXX_LIBRARY = "libc++";
				CLANG_ENABLE_MODULES = YES;
				CLANG_ENABLE_OBJC_ARC = YES;
				CLANG_WARN_BOOL_CONVERSION = YES;
				CLANG_WARN_CONSTANT_CONVERSION = YES;
				CLANG_WARN_DIRECT_OBJC_ISA_USAGE = YES_ERROR;
				CLANG_WARN_EMPTY_BODY = YES;
				CLANG_WARN_ENUM_CONVERSION = YES;
				CLANG_WARN_INT_CONVERSION = YES;
				CLANG_WARN_OBJC_ROOT_CLASS = YES_ERROR;
				CLANG_WARN_UNREACHABLE_CODE = YES;
				CLANG_WARN__DUPLICATE_METHOD_MATCH = YES;
				"CODE_SIGN_IDENTITY[sdk=iphoneos*]" = "iPhone Developer";
				COPY_PHASE_STRIP = NO;
				DEBUG_INFORMATION_FORMAT = "dwarf-with-dsym";
				ENABLE_NS_ASSERTIONS = NO;
				ENABLE_STRICT_OBJC_MSGSEND = YES;
				GCC_C_LANGUAGE_STANDARD = gnu99;
				GCC_NO_COMMON_BLOCKS = YES;
				GCC_WARN_64_TO_32_BIT_CONVERSION = YES;
				GCC_WARN_ABOUT_RETURN_TYPE = YES_ERROR;
				GCC_WARN_UNDECLARED_SELECTOR = YES;
				GCC_WARN_UNINITIALIZED_AUTOS = YES_AGGRESSIVE;
				GCC_WARN_UNUSED_FUNCTION = YES;
				GCC_WARN_UNUSED_VARIABLE = YES;
				IPHONEOS_DEPLOYMENT_TARGET = 8.3;
				MTL_ENABLE_DEBUG_INFO = NO;
				SDKROOT = iphoneos;
				TARGETED_DEVICE_FAMILY = "1,2";
				VALIDATE_PRODUCT = YES;
			};
			name = Release;
		};
		5FEFA7791B22355700DC3DA0 /* Debug */ = {
			isa = XCBuildConfiguration;
			buildSettings = {
				ASSETCATALOG_COMPILER_APPICON_NAME = AppIcon;
				INFOPLIST_FILE = "KYElegantPhotoGallery-Swift-Demo/Info.plist";
				LD_RUNPATH_SEARCH_PATHS = "$(inherited) @executable_path/Frameworks";
				PRODUCT_NAME = "$(TARGET_NAME)";
			};
			name = Debug;
		};
		5FEFA77A1B22355700DC3DA0 /* Release */ = {
			isa = XCBuildConfiguration;
			buildSettings = {
				ASSETCATALOG_COMPILER_APPICON_NAME = AppIcon;
				INFOPLIST_FILE = "KYElegantPhotoGallery-Swift-Demo/Info.plist";
				LD_RUNPATH_SEARCH_PATHS = "$(inherited) @executable_path/Frameworks";
				PRODUCT_NAME = "$(TARGET_NAME)";
			};
			name = Release;
		};
		5FEFA77C1B22355700DC3DA0 /* Debug */ = {
			isa = XCBuildConfiguration;
			buildSettings = {
				BUNDLE_LOADER = "$(TEST_HOST)";
				FRAMEWORK_SEARCH_PATHS = (
					"$(SDKROOT)/Developer/Library/Frameworks",
					"$(inherited)",
				);
				GCC_PREPROCESSOR_DEFINITIONS = (
					"DEBUG=1",
					"$(inherited)",
				);
				INFOPLIST_FILE = "KYElegantPhotoGallery-Swift-DemoTests/Info.plist";
				LD_RUNPATH_SEARCH_PATHS = "$(inherited) @executable_path/Frameworks @loader_path/Frameworks";
				PRODUCT_NAME = "$(TARGET_NAME)";
				TEST_HOST = "$(BUILT_PRODUCTS_DIR)/KYElegantPhotoGallery-Swift-Demo.app/KYElegantPhotoGallery-Swift-Demo";
			};
			name = Debug;
		};
		5FEFA77D1B22355700DC3DA0 /* Release */ = {
			isa = XCBuildConfiguration;
			buildSettings = {
				BUNDLE_LOADER = "$(TEST_HOST)";
				FRAMEWORK_SEARCH_PATHS = (
					"$(SDKROOT)/Developer/Library/Frameworks",
					"$(inherited)",
				);
				INFOPLIST_FILE = "KYElegantPhotoGallery-Swift-DemoTests/Info.plist";
				LD_RUNPATH_SEARCH_PATHS = "$(inherited) @executable_path/Frameworks @loader_path/Frameworks";
				PRODUCT_NAME = "$(TARGET_NAME)";
				TEST_HOST = "$(BUILT_PRODUCTS_DIR)/KYElegantPhotoGallery-Swift-Demo.app/KYElegantPhotoGallery-Swift-Demo";
			};
			name = Release;
		};
/* End XCBuildConfiguration section */

/* Begin XCConfigurationList section */
		5FEFA7541B22355600DC3DA0 /* Build configuration list for PBXProject "KYElegantPhotoGallery-Swift-Demo" */ = {
			isa = XCConfigurationList;
			buildConfigurations = (
				5FEFA7761B22355700DC3DA0 /* Debug */,
				5FEFA7771B22355700DC3DA0 /* Release */,
			);
			defaultConfigurationIsVisible = 0;
			defaultConfigurationName = Release;
		};
		5FEFA7781B22355700DC3DA0 /* Build configuration list for PBXNativeTarget "KYElegantPhotoGallery-Swift-Demo" */ = {
			isa = XCConfigurationList;
			buildConfigurations = (
				5FEFA7791B22355700DC3DA0 /* Debug */,
				5FEFA77A1B22355700DC3DA0 /* Release */,
			);
			defaultConfigurationIsVisible = 0;
		};
		5FEFA77B1B22355700DC3DA0 /* Build configuration list for PBXNativeTarget "KYElegantPhotoGallery-Swift-DemoTests" */ = {
			isa = XCConfigurationList;
			buildConfigurations = (
				5FEFA77C1B22355700DC3DA0 /* Debug */,
				5FEFA77D1B22355700DC3DA0 /* Release */,
			);
			defaultConfigurationIsVisible = 0;
		};
/* End XCConfigurationList section */
	};
	rootObject = 5FEFA7511B22355600DC3DA0 /* Project object */;
}
